
Microsoft Visual Studio Solution File, Format Version 12.00
# Visual Studio Version 17
VisualStudioVersion = 17.4.33213.308
MinimumVisualStudioVersion = 10.0.40219.1
Project("{FAE04EC0-301F-11D3-BF4B-00C04F79EFBC}") = "DemoExam", "DemoExam\DemoExam.csproj", "{CAA2EF77-8C45-4B92-A71C-EFD24A27BED8}"
EndProject
Global
	GlobalSection(SolutionConfigurationPlatforms) = preSolution
		Debug|Any CPU = Debug|Any CPU
		Release|Any CPU = Release|Any CPU
	EndGlobalSection
	GlobalSection(ProjectConfigurationPlatforms) = postSolution
		{CAA2EF77-8C45-4B92-A71C-EFD24A27BED8}.Debug|Any CPU.ActiveCfg = Debug|Any CPU
		{CAA2EF77-8C45-4B92-A71C-EFD24A27BED8}.Debug|Any CPU.Build.0 = Debug|Any CPU
		{CAA2EF77-8C45-4B92-A71C-EFD24A27BED8}.Release|Any CPU.ActiveCfg = Release|Any CPU
		{CAA2EF77-8C45-4B92-A71C-EFD24A27BED8}.Release|Any CPU.Build.0 = Release|Any CPU
	EndGlobalSection
	GlobalSection(SolutionProperties) = preSolution
		HideSolutionNode = FALSE
	EndGlobalSection
	GlobalSection(ExtensibilityGlobals) = postSolution
		SolutionGuid = {691D7302-C036-4660-8792-32EBBE018A36}
	EndGlobalSection
EndGlobal
